// !$*UTF8*$!
{
	archiveVersion = 1;
	classes = {
	};
	objectVersion = 46;
	objects = {

/* Begin PBXBuildFile section */
		2D33869C18FE129E0086610C /* Foundation.framework in Frameworks */ = {isa = PBXBuildFile; fileRef = 2D33869B18FE129E0086610C /* Foundation.framework */; };
		2D33869E18FE129E0086610C /* CoreGraphics.framework in Frameworks */ = {isa = PBXBuildFile; fileRef = 2D33869D18FE129E0086610C /* CoreGraphics.framework */; };
		2D3386A018FE129E0086610C /* UIKit.framework in Frameworks */ = {isa = PBXBuildFile; fileRef = 2D33869F18FE129E0086610C /* UIKit.framework */; };
		2D3386A618FE129E0086610C /* InfoPlist.strings in Resources */ = {isa = PBXBuildFile; fileRef = 2D3386A418FE129E0086610C /* InfoPlist.strings */; };
		2D3386A818FE129E0086610C /* main.m in Sources */ = {isa = PBXBuildFile; fileRef = 2D3386A718FE129E0086610C /* main.m */; };
		2D3386AC18FE129E0086610C /* AppDelegate.m in Sources */ = {isa = PBXBuildFile; fileRef = 2D3386AB18FE129E0086610C /* AppDelegate.m */; };
		2D3386AF18FE129E0086610C /* Main.storyboard in Resources */ = {isa = PBXBuildFile; fileRef = 2D3386AD18FE129E0086610C /* Main.storyboard */; };
		2D3386B218FE129E0086610C /* ViewController.m in Sources */ = {isa = PBXBuildFile; fileRef = 2D3386B118FE129E0086610C /* ViewController.m */; };
		2D3386B418FE129E0086610C /* Images.xcassets in Resources */ = {isa = PBXBuildFile; fileRef = 2D3386B318FE129E0086610C /* Images.xcassets */; };
		2D3386BB18FE129E0086610C /* XCTest.framework in Frameworks */ = {isa = PBXBuildFile; fileRef = 2D3386BA18FE129E0086610C /* XCTest.framework */; };
		2D3386BC18FE129E0086610C /* Foundation.framework in Frameworks */ = {isa = PBXBuildFile; fileRef = 2D33869B18FE129E0086610C /* Foundation.framework */; };
		2D3386BD18FE129E0086610C /* UIKit.framework in Frameworks */ = {isa = PBXBuildFile; fileRef = 2D33869F18FE129E0086610C /* UIKit.framework */; };
		2D3386C518FE129E0086610C /* InfoPlist.strings in Resources */ = {isa = PBXBuildFile; fileRef = 2D3386C318FE129E0086610C /* InfoPlist.strings */; };
		2D3386C718FE129E0086610C /* ImageLoaderTests.m in Sources */ = {isa = PBXBuildFile; fileRef = 2D3386C618FE129E0086610C /* ImageLoaderTests.m */; };
/* End PBXBuildFile section */

/* Begin PBXContainerItemProxy section */
		2D3386BE18FE129E0086610C /* PBXContainerItemProxy */ = {
			isa = PBXContainerItemProxy;
			containerPortal = 2D33869018FE129E0086610C /* Project object */;
			proxyType = 1;
			remoteGlobalIDString = 2D33869718FE129E0086610C;
			remoteInfo = ImageLoader;
		};
/* End PBXContainerItemProxy section */

/* Begin PBXFileReference section */
		2D33869818FE129E0086610C /* ImageLoader.app */ = {isa = PBXFileReference; explicitFileType = wrapper.application; includeInIndex = 0; path = ImageLoader.app; sourceTree = BUILT_PRODUCTS_DIR; };
		2D33869B18FE129E0086610C /* Foundation.framework */ = {isa = PBXFileReference; lastKnownFileType = wrapper.framework; name = Foundation.framework; path = System/Library/Frameworks/Foundation.framework; sourceTree = SDKROOT; };
		2D33869D18FE129E0086610C /* CoreGraphics.framework */ = {isa = PBXFileReference; lastKnownFileType = wrapper.framework; name = CoreGraphics.framework; path = System/Library/Frameworks/CoreGraphics.framework; sourceTree = SDKROOT; };
		2D33869F18FE129E0086610C /* UIKit.framework */ = {isa = PBXFileReference; lastKnownFileType = wrapper.framework; name = UIKit.framework; path = System/Library/Frameworks/UIKit.framework; sourceTree = SDKROOT; };
		2D3386A318FE129E0086610C /* ImageLoader-Info.plist */ = {isa = PBXFileReference; lastKnownFileType = text.plist.xml; path = "ImageLoader-Info.plist"; sourceTree = "<group>"; };
		2D3386A518FE129E0086610C /* en */ = {isa = PBXFileReference; lastKnownFileType = text.plist.strings; name = en; path = en.lproj/InfoPlist.strings; sourceTree = "<group>"; };
		2D3386A718FE129E0086610C /* main.m */ = {isa = PBXFileReference; lastKnownFileType = sourcecode.c.objc; path = main.m; sourceTree = "<group>"; };
		2D3386A918FE129E0086610C /* ImageLoader-Prefix.pch */ = {isa = PBXFileReference; lastKnownFileType = sourcecode.c.h; path = "ImageLoader-Prefix.pch"; sourceTree = "<group>"; };
		2D3386AA18FE129E0086610C /* AppDelegate.h */ = {isa = PBXFileReference; lastKnownFileType = sourcecode.c.h; path = AppDelegate.h; sourceTree = "<group>"; };
		2D3386AB18FE129E0086610C /* AppDelegate.m */ = {isa = PBXFileReference; lastKnownFileType = sourcecode.c.objc; path = AppDelegate.m; sourceTree = "<group>"; };
		2D3386AE18FE129E0086610C /* Base */ = {isa = PBXFileReference; lastKnownFileType = file.storyboard; name = Base; path = Base.lproj/Main.storyboard; sourceTree = "<group>"; };
		2D3386B018FE129E0086610C /* ViewController.h */ = {isa = PBXFileReference; lastKnownFileType = sourcecode.c.h; path = ViewController.h; sourceTree = "<group>"; };
		2D3386B118FE129E0086610C /* ViewController.m */ = {isa = PBXFileReference; lastKnownFileType = sourcecode.c.objc; path = ViewController.m; sourceTree = "<group>"; };
		2D3386B318FE129E0086610C /* Images.xcassets */ = {isa = PBXFileReference; lastKnownFileType = folder.assetcatalog; path = Images.xcassets; sourceTree = "<group>"; };
		2D3386B918FE129E0086610C /* ImageLoaderTests.xctest */ = {isa = PBXFileReference; explicitFileType = wrapper.cfbundle; includeInIndex = 0; path = ImageLoaderTests.xctest; sourceTree = BUILT_PRODUCTS_DIR; };
		2D3386BA18FE129E0086610C /* XCTest.framework */ = {isa = PBXFileReference; lastKnownFileType = wrapper.framework; name = XCTest.framework; path = Library/Frameworks/XCTest.framework; sourceTree = DEVELOPER_DIR; };
		2D3386C218FE129E0086610C /* ImageLoaderTests-Info.plist */ = {isa = PBXFileReference; lastKnownFileType = text.plist.xml; path = "ImageLoaderTests-Info.plist"; sourceTree = "<group>"; };
		2D3386C418FE129E0086610C /* en */ = {isa = PBXFileReference; lastKnownFileType = text.plist.strings; name = en; path = en.lproj/InfoPlist.strings; sourceTree = "<group>"; };
		2D3386C618FE129E0086610C /* ImageLoaderTests.m */ = {isa = PBXFileReference; lastKnownFileType = sourcecode.c.objc; path = ImageLoaderTests.m; sourceTree = "<group>"; };
/* End PBXFileReference section */

/* Begin PBXFrameworksBuildPhase section */
		2D33869518FE129E0086610C /* Frameworks */ = {
			isa = PBXFrameworksBuildPhase;
			buildActionMask = 2147483647;
			files = (
				2D33869E18FE129E0086610C /* CoreGraphics.framework in Frameworks */,
				2D3386A018FE129E0086610C /* UIKit.framework in Frameworks */,
				2D33869C18FE129E0086610C /* Foundation.framework in Frameworks */,
			);
			runOnlyForDeploymentPostprocessing = 0;
		};
		2D3386B618FE129E0086610C /* Frameworks */ = {
			isa = PBXFrameworksBuildPhase;
			buildActionMask = 2147483647;
			files = (
				2D3386BB18FE129E0086610C /* XCTest.framework in Frameworks */,
				2D3386BD18FE129E0086610C /* UIKit.framework in Frameworks */,
				2D3386BC18FE129E0086610C /* Foundation.framework in Frameworks */,
			);
			runOnlyForDeploymentPostprocessing = 0;
		};
/* End PBXFrameworksBuildPhase section */

/* Begin PBXGroup section */
		2D33868F18FE129E0086610C = {
			isa = PBXGroup;
			children = (
				2D3386A118FE129E0086610C /* ImageLoader */,
				2D3386C018FE129E0086610C /* ImageLoaderTests */,
				2D33869A18FE129E0086610C /* Frameworks */,
				2D33869918FE129E0086610C /* Products */,
			);
			sourceTree = "<group>";
		};
		2D33869918FE129E0086610C /* Products */ = {
			isa = PBXGroup;
			children = (
				2D33869818FE129E0086610C /* ImageLoader.app */,
				2D3386B918FE129E0086610C /* ImageLoaderTests.xctest */,
			);
			name = Products;
			sourceTree = "<group>";
		};
		2D33869A18FE129E0086610C /* Frameworks */ = {
			isa = PBXGroup;
			children = (
				2D33869B18FE129E0086610C /* Foundation.framework */,
				2D33869D18FE129E0086610C /* CoreGraphics.framework */,
				2D33869F18FE129E0086610C /* UIKit.framework */,
				2D3386BA18FE129E0086610C /* XCTest.framework */,
			);
			name = Frameworks;
			sourceTree = "<group>";
		};
		2D3386A118FE129E0086610C /* ImageLoader */ = {
			isa = PBXGroup;
			children = (
				2D3386AA18FE129E0086610C /* AppDelegate.h */,
				2D3386AB18FE129E0086610C /* AppDelegate.m */,
				2D3386AD18FE129E0086610C /* Main.storyboard */,
				2D3386B018FE129E0086610C /* ViewController.h */,
				2D3386B118FE129E0086610C /* ViewController.m */,
				2D3386B318FE129E0086610C /* Images.xcassets */,
				2D3386A218FE129E0086610C /* Supporting Files */,
			);
			path = ImageLoader;
			sourceTree = "<group>";
		};
		2D3386A218FE129E0086610C /* Supporting Files */ = {
			isa = PBXGroup;
			children = (
				2D3386A318FE129E0086610C /* ImageLoader-Info.plist */,
				2D3386A418FE129E0086610C /* InfoPlist.strings */,
				2D3386A718FE129E0086610C /* main.m */,
				2D3386A918FE129E0086610C /* ImageLoader-Prefix.pch */,
			);
			name = "Supporting Files";
			sourceTree = "<group>";
		};
		2D3386C018FE129E0086610C /* ImageLoaderTests */ = {
			isa = PBXGroup;
			children = (
				2D3386C618FE129E0086610C /* ImageLoaderTests.m */,
				2D3386C118FE129E0086610C /* Supporting Files */,
			);
			path = ImageLoaderTests;
			sourceTree = "<group>";
		};
		2D3386C118FE129E0086610C /* Supporting Files */ = {
			isa = PBXGroup;
			children = (
				2D3386C218FE129E0086610C /* ImageLoaderTests-Info.plist */,
				2D3386C318FE129E0086610C /* InfoPlist.strings */,
			);
			name = "Supporting Files";
			sourceTree = "<group>";
		};
/* End PBXGroup section */

/* Begin PBXNativeTarget section */
		2D33869718FE129E0086610C /* ImageLoader */ = {
			isa = PBXNativeTarget;
			buildConfigurationList = 2D3386CA18FE129E0086610C /* Build configuration list for PBXNativeTarget "ImageLoader" */;
			buildPhases = (
				2D33869418FE129E0086610C /* Sources */,
				2D33869518FE129E0086610C /* Frameworks */,
				2D33869618FE129E0086610C /* Resources */,
			);
			buildRules = (
			);
			dependencies = (
			);
			name = ImageLoader;
			productName = ImageLoader;
			productReference = 2D33869818FE129E0086610C /* ImageLoader.app */;
			productType = "com.apple.product-type.application";
		};
		2D3386B818FE129E0086610C /* ImageLoaderTests */ = {
			isa = PBXNativeTarget;
			buildConfigurationList = 2D3386CD18FE129E0086610C /* Build configuration list for PBXNativeTarget "ImageLoaderTests" */;
			buildPhases = (
				2D3386B518FE129E0086610C /* Sources */,
				2D3386B618FE129E0086610C /* Frameworks */,
				2D3386B718FE129E0086610C /* Resources */,
			);
			buildRules = (
			);
			dependencies = (
				2D3386BF18FE129E0086610C /* PBXTargetDependency */,
			);
			name = ImageLoaderTests;
			productName = ImageLoaderTests;
			productReference = 2D3386B918FE129E0086610C /* ImageLoaderTests.xctest */;
			productType = "com.apple.product-type.bundle.unit-test";
		};
/* End PBXNativeTarget section */

/* Begin PBXProject section */
		2D33869018FE129E0086610C /* Project object */ = {
			isa = PBXProject;
			attributes = {
				LastUpgradeCheck = 0510;
				ORGANIZATIONNAME = "John Boyd";
				TargetAttributes = {
					2D3386B818FE129E0086610C = {
						TestTargetID = 2D33869718FE129E0086610C;
					};
				};
			};
			buildConfigurationList = 2D33869318FE129E0086610C /* Build configuration list for PBXProject "ImageLoader" */;
			compatibilityVersion = "Xcode 3.2";
			developmentRegion = English;
			hasScannedForEncodings = 0;
			knownRegions = (
				en,
				Base,
			);
			mainGroup = 2D33868F18FE129E0086610C;
			productRefGroup = 2D33869918FE129E0086610C /* Products */;
			projectDirPath = "";
			projectRoot = "";
			targets = (
				2D33869718FE129E0086610C /* ImageLoader */,
				2D3386B818FE129E0086610C /* ImageLoaderTests */,
			);
		};
/* End PBXProject section */

/* Begin PBXResourcesBuildPhase section */
		2D33869618FE129E0086610C /* Resources */ = {
			isa = PBXResourcesBuildPhase;
			buildActionMask = 2147483647;
			files = (
				2D3386B418FE129E0086610C /* Images.xcassets in Resources */,
				2D3386A618FE129E0086610C /* InfoPlist.strings in Resources */,
				2D3386AF18FE129E0086610C /* Main.storyboard in Resources */,
			);
			runOnlyForDeploymentPostprocessing = 0;
		};
		2D3386B718FE129E0086610C /* Resources */ = {
			isa = PBXResourcesBuildPhase;
			buildActionMask = 2147483647;
			files = (
				2D3386C518FE129E0086610C /* InfoPlist.strings in Resources */,
			);
			runOnlyForDeploymentPostprocessing = 0;
		};
/* End PBXResourcesBuildPhase section */

/* Begin PBXSourcesBuildPhase section */
		2D33869418FE129E0086610C /* Sources */ = {
			isa = PBXSourcesBuildPhase;
			buildActionMask = 2147483647;
			files = (
				2D3386B218FE129E0086610C /* ViewController.m in Sources */,
				2D3386AC18FE129E0086610C /* AppDelegate.m in Sources */,
				2D3386A818FE129E0086610C /* main.m in Sources */,
			);
			runOnlyForDeploymentPostprocessing = 0;
		};
		2D3386B518FE129E0086610C /* Sources */ = {
			isa = PBXSourcesBuildPhase;
			buildActionMask = 2147483647;
			files = (
				2D3386C718FE129E0086610C /* ImageLoaderTests.m in Sources */,
			);
			runOnlyForDeploymentPostprocessing = 0;
		};
/* End PBXSourcesBuildPhase section */

/* Begin PBXTargetDependency section */
		2D3386BF18FE129E0086610C /* PBXTargetDependency */ = {
			isa = PBXTargetDependency;
			target = 2D33869718FE129E0086610C /* ImageLoader */;
			targetProxy = 2D3386BE18FE129E0086610C /* PBXContainerItemProxy */;
		};
/* End PBXTargetDependency section */

/* Begin PBXVariantGroup section */
		2D3386A418FE129E0086610C /* InfoPlist.strings */ = {
			isa = PBXVariantGroup;
			children = (
				2D3386A518FE129E0086610C /* en */,
			);
			name = InfoPlist.strings;
			sourceTree = "<group>";
		};
		2D3386AD18FE129E0086610C /* Main.storyboard */ = {
			isa = PBXVariantGroup;
			children = (
				2D3386AE18FE129E0086610C /* Base */,
			);
			name = Main.storyboard;
			sourceTree = "<group>";
		};
		2D3386C318FE129E0086610C /* InfoPlist.strings */ = {
			isa = PBXVariantGroup;
			children = (
				2D3386C418FE129E0086610C /* en */,
			);
			name = InfoPlist.strings;
			sourceTree = "<group>";
		};
/* End PBXVariantGroup section */

/* Begin XCBuildConfiguration section */
		2D3386C818FE129E0086610C /* Debug */ = {
			isa = XCBuildConfiguration;
			buildSettings = {
				ALWAYS_SEARCH_USER_PATHS = NO;
				CLANG_CXX_LANGUAGE_STANDARD = "gnu++0x";
				CLANG_CXX_LIBRARY = "libc++";
				CLANG_ENABLE_MODULES = YES;
				CLANG_ENABLE_OBJC_ARC = YES;
				CLANG_WARN_BOOL_CONVERSION = YES;
				CLANG_WARN_CONSTANT_CONVERSION = YES;
				CLANG_WARN_DIRECT_OBJC_ISA_USAGE = YES_ERROR;
				CLANG_WARN_EMPTY_BODY = YES;
				CLANG_WARN_ENUM_CONVERSION = YES;
				CLANG_WARN_INT_CONVERSION = YES;
				CLANG_WARN_OBJC_ROOT_CLASS = YES_ERROR;
				CLANG_WARN__DUPLICATE_METHOD_MATCH = YES;
				"CODE_SIGN_IDENTITY[sdk=iphoneos*]" = "iPhone Developer";
				COPY_PHASE_STRIP = NO;
				GCC_C_LANGUAGE_STANDARD = gnu99;
				GCC_DYNAMIC_NO_PIC = NO;
				GCC_OPTIMIZATION_LEVEL = 0;
				GCC_PREPROCESSOR_DEFINITIONS = (
					"DEBUG=1",
					"$(inherited)",
				);
				GCC_SYMBOLS_PRIVATE_EXTERN = NO;
				GCC_WARN_64_TO_32_BIT_CONVERSION = YES;
				GCC_WARN_ABOUT_RETURN_TYPE = YES_ERROR;
				GCC_WARN_UNDECLARED_SELECTOR = YES;
				GCC_WARN_UNINITIALIZED_AUTOS = YES_AGGRESSIVE;
				GCC_WARN_UNUSED_FUNCTION = YES;
				GCC_WARN_UNUSED_VARIABLE = YES;
				IPHONEOS_DEPLOYMENT_TARGET = 7.1;
				ONLY_ACTIVE_ARCH = YES;
				SDKROOT = iphoneos;
			};
			name = Debug;
		};
		2D3386C918FE129E0086610C /* Release */ = {
			isa = XCBuildConfiguration;
			buildSettings = {
				ALWAYS_SEARCH_USER_PATHS = NO;
				CLANG_CXX_LANGUAGE_STANDARD = "gnu++0x";
				CLANG_CXX_LIBRARY = "libc++";
				CLANG_ENABLE_MODULES = YES;
				CLANG_ENABLE_OBJC_ARC = YES;
				CLANG_WARN_BOOL_CONVERSION = YES;
				CLANG_WARN_CONSTANT_CONVERSION = YES;
				CLANG_WARN_DIRECT_OBJC_ISA_USAGE = YES_ERROR;
				CLANG_WARN_EMPTY_BODY = YES;
				CLANG_WARN_ENUM_CONVERSION = YES;
				CLANG_WARN_INT_CONVERSION = YES;
				CLANG_WARN_OBJC_ROOT_CLASS = YES_ERROR;
				CLANG_WARN__DUPLICATE_METHOD_MATCH = YES;
				"CODE_SIGN_IDENTITY[sdk=iphoneos*]" = "iPhone Developer";
				COPY_PHASE_STRIP = YES;
				ENABLE_NS_ASSERTIONS = NO;
				GCC_C_LANGUAGE_STANDARD = gnu99;
				GCC_WARN_64_TO_32_BIT_CONVERSION = YES;
				GCC_WARN_ABOUT_RETURN_TYPE = YES_ERROR;
				GCC_WARN_UNDECLARED_SELECTOR = YES;
				GCC_WARN_UNINITIALIZED_AUTOS = YES_AGGRESSIVE;
				GCC_WARN_UNUSED_FUNCTION = YES;
				GCC_WARN_UNUSED_VARIABLE = YES;
				IPHONEOS_DEPLOYMENT_TARGET = 7.1;
				SDKROOT = iphoneos;
				VALIDATE_PRODUCT = YES;
			};
			name = Release;
		};
		2D3386CB18FE129E0086610C /* Debug */ = {
			isa = XCBuildConfiguration;
			buildSettings = {
				ASSETCATALOG_COMPILER_APPICON_NAME = AppIcon;
				ASSETCATALOG_COMPILER_LAUNCHIMAGE_NAME = LaunchImage;
				GCC_PRECOMPILE_PREFIX_HEADER = YES;
				GCC_PREFIX_HEADER = "ImageLoader/ImageLoader-Prefix.pch";
				INFOPLIST_FILE = "ImageLoader/ImageLoader-Info.plist";
				PRODUCT_NAME = "$(TARGET_NAME)";
				WRAPPER_EXTENSION = app;
			};
			name = Debug;
		};
		2D3386CC18FE129E0086610C /* Release */ = {
			isa = XCBuildConfiguration;
			buildSettings = {
				ASSETCATALOG_COMPILER_APPICON_NAME = AppIcon;
				ASSETCATALOG_COMPILER_LAUNCHIMAGE_NAME = LaunchImage;
				GCC_PRECOMPILE_PREFIX_HEADER = YES;
				GCC_PREFIX_HEADER = "ImageLoader/ImageLoader-Prefix.pch";
				INFOPLIST_FILE = "ImageLoader/ImageLoader-Info.plist";
				PRODUCT_NAME = "$(TARGET_NAME)";
				WRAPPER_EXTENSION = app;
			};
			name = Release;
		};
		2D3386CE18FE129E0086610C /* Debug */ = {
			isa = XCBuildConfiguration;
			buildSettings = {
				BUNDLE_LOADER = "$(BUILT_PRODUCTS_DIR)/ImageLoader.app/ImageLoader";
				FRAMEWORK_SEARCH_PATHS = (
					"$(SDKROOT)/Developer/Library/Frameworks",
					"$(inherited)",
					"$(DEVELOPER_FRAMEWORKS_DIR)",
				);
				GCC_PRECOMPILE_PREFIX_HEADER = YES;
				GCC_PREFIX_HEADER = "ImageLoader/ImageLoader-Prefix.pch";
				GCC_PREPROCESSOR_DEFINITIONS = (
					"DEBUG=1",
					"$(inherited)",
				);
				INFOPLIST_FILE = "ImageLoaderTests/ImageLoaderTests-Info.plist";
				PRODUCT_NAME = "$(TARGET_NAME)";
				TEST_HOST = "$(BUNDLE_LOADER)";
				WRAPPER_EXTENSION = xctest;
			};
			name = Debug;
		};
		2D3386CF18FE129E0086610C /* Release */ = {
			isa = XCBuildConfiguration;
			buildSettings = {
				BUNDLE_LOADER = "$(BUILT_PRODUCTS_DIR)/ImageLoader.app/ImageLoader";
				FRAMEWORK_SEARCH_PATHS = (
					"$(SDKROOT)/Developer/Library/Frameworks",
					"$(inherited)",
					"$(DEVELOPER_FRAMEWORKS_DIR)",
				);
				GCC_PRECOMPILE_PREFIX_HEADER = YES;
				GCC_PREFIX_HEADER = "ImageLoader/ImageLoader-Prefix.pch";
				INFOPLIST_FILE = "ImageLoaderTests/ImageLoaderTests-Info.plist";
				PRODUCT_NAME = "$(TARGET_NAME)";
				TEST_HOST = "$(BUNDLE_LOADER)";
				WRAPPER_EXTENSION = xctest;
			};
			name = Release;
		};
/* End XCBuildConfiguration section */

/* Begin XCConfigurationList section */
		2D33869318FE129E0086610C /* Build configuration list for PBXProject "ImageLoader" */ = {
			isa = XCConfigurationList;
			buildConfigurations = (
				2D3386C818FE129E0086610C /* Debug */,
				2D3386C918FE129E0086610C /* Release */,
			);
			defaultConfigurationIsVisible = 0;
			defaultConfigurationName = Release;
		};
		2D3386CA18FE129E0086610C /* Build configuration list for PBXNativeTarget "ImageLoader" */ = {
			isa = XCConfigurationList;
			buildConfigurations = (
				2D3386CB18FE129E0086610C /* Debug */,
				2D3386CC18FE129E0086610C /* Release */,
			);
			defaultConfigurationIsVisible = 0;
		};
		2D3386CD18FE129E0086610C /* Build configuration list for PBXNativeTarget "ImageLoaderTests" */ = {
			isa = XCConfigurationList;
			buildConfigurations = (
				2D3386CE18FE129E0086610C /* Debug */,
				2D3386CF18FE129E0086610C /* Release */,
			);
			defaultConfigurationIsVisible = 0;
		};
/* End XCConfigurationList section */
	};
	rootObject = 2D33869018FE129E0086610C /* Project object */;
}
