// !$*UTF8*$!
{
	archiveVersion = 1;
	classes = {
	};
	objectVersion = 46;
	objects = {

/* Begin PBXBuildFile section */
		A0BB4E4418FE148500BFD33A /* Foundation.framework in Frameworks */ = {isa = PBXBuildFile; fileRef = A0BB4E4318FE148500BFD33A /* Foundation.framework */; };
		A0BB4E4618FE148500BFD33A /* CoreGraphics.framework in Frameworks */ = {isa = PBXBuildFile; fileRef = A0BB4E4518FE148500BFD33A /* CoreGraphics.framework */; };
		A0BB4E4818FE148500BFD33A /* UIKit.framework in Frameworks */ = {isa = PBXBuildFile; fileRef = A0BB4E4718FE148500BFD33A /* UIKit.framework */; };
		A0BB4E4E18FE148500BFD33A /* InfoPlist.strings in Resources */ = {isa = PBXBuildFile; fileRef = A0BB4E4C18FE148500BFD33A /* InfoPlist.strings */; };
		A0BB4E5018FE148500BFD33A /* main.m in Sources */ = {isa = PBXBuildFile; fileRef = A0BB4E4F18FE148500BFD33A /* main.m */; };
		A0BB4E5418FE148500BFD33A /* AppDelegate.m in Sources */ = {isa = PBXBuildFile; fileRef = A0BB4E5318FE148500BFD33A /* AppDelegate.m */; };
		A0BB4E5718FE148500BFD33A /* Main.storyboard in Resources */ = {isa = PBXBuildFile; fileRef = A0BB4E5518FE148500BFD33A /* Main.storyboard */; };
		A0BB4E5A18FE148500BFD33A /* ViewController.m in Sources */ = {isa = PBXBuildFile; fileRef = A0BB4E5918FE148500BFD33A /* ViewController.m */; };
		A0BB4E5C18FE148500BFD33A /* Images.xcassets in Resources */ = {isa = PBXBuildFile; fileRef = A0BB4E5B18FE148500BFD33A /* Images.xcassets */; };
		A0BB4E6318FE148500BFD33A /* XCTest.framework in Frameworks */ = {isa = PBXBuildFile; fileRef = A0BB4E6218FE148500BFD33A /* XCTest.framework */; };
		A0BB4E6418FE148500BFD33A /* Foundation.framework in Frameworks */ = {isa = PBXBuildFile; fileRef = A0BB4E4318FE148500BFD33A /* Foundation.framework */; };
		A0BB4E6518FE148500BFD33A /* UIKit.framework in Frameworks */ = {isa = PBXBuildFile; fileRef = A0BB4E4718FE148500BFD33A /* UIKit.framework */; };
		A0BB4E6D18FE148500BFD33A /* InfoPlist.strings in Resources */ = {isa = PBXBuildFile; fileRef = A0BB4E6B18FE148500BFD33A /* InfoPlist.strings */; };
		A0BB4E6F18FE148500BFD33A /* GalaxyDownloadTests.m in Sources */ = {isa = PBXBuildFile; fileRef = A0BB4E6E18FE148500BFD33A /* GalaxyDownloadTests.m */; };
/* End PBXBuildFile section */

/* Begin PBXContainerItemProxy section */
		A0BB4E6618FE148500BFD33A /* PBXContainerItemProxy */ = {
			isa = PBXContainerItemProxy;
			containerPortal = A0BB4E3818FE148500BFD33A /* Project object */;
			proxyType = 1;
			remoteGlobalIDString = A0BB4E3F18FE148500BFD33A;
			remoteInfo = GalaxyDownload;
		};
/* End PBXContainerItemProxy section */

/* Begin PBXFileReference section */
		A0BB4E4018FE148500BFD33A /* GalaxyDownload.app */ = {isa = PBXFileReference; explicitFileType = wrapper.application; includeInIndex = 0; path = GalaxyDownload.app; sourceTree = BUILT_PRODUCTS_DIR; };
		A0BB4E4318FE148500BFD33A /* Foundation.framework */ = {isa = PBXFileReference; lastKnownFileType = wrapper.framework; name = Foundation.framework; path = System/Library/Frameworks/Foundation.framework; sourceTree = SDKROOT; };
		A0BB4E4518FE148500BFD33A /* CoreGraphics.framework */ = {isa = PBXFileReference; lastKnownFileType = wrapper.framework; name = CoreGraphics.framework; path = System/Library/Frameworks/CoreGraphics.framework; sourceTree = SDKROOT; };
		A0BB4E4718FE148500BFD33A /* UIKit.framework */ = {isa = PBXFileReference; lastKnownFileType = wrapper.framework; name = UIKit.framework; path = System/Library/Frameworks/UIKit.framework; sourceTree = SDKROOT; };
		A0BB4E4B18FE148500BFD33A /* GalaxyDownload-Info.plist */ = {isa = PBXFileReference; lastKnownFileType = text.plist.xml; path = "GalaxyDownload-Info.plist"; sourceTree = "<group>"; };
		A0BB4E4D18FE148500BFD33A /* en */ = {isa = PBXFileReference; lastKnownFileType = text.plist.strings; name = en; path = en.lproj/InfoPlist.strings; sourceTree = "<group>"; };
		A0BB4E4F18FE148500BFD33A /* main.m */ = {isa = PBXFileReference; lastKnownFileType = sourcecode.c.objc; path = main.m; sourceTree = "<group>"; };
		A0BB4E5118FE148500BFD33A /* GalaxyDownload-Prefix.pch */ = {isa = PBXFileReference; lastKnownFileType = sourcecode.c.h; path = "GalaxyDownload-Prefix.pch"; sourceTree = "<group>"; };
		A0BB4E5218FE148500BFD33A /* AppDelegate.h */ = {isa = PBXFileReference; lastKnownFileType = sourcecode.c.h; path = AppDelegate.h; sourceTree = "<group>"; };
		A0BB4E5318FE148500BFD33A /* AppDelegate.m */ = {isa = PBXFileReference; lastKnownFileType = sourcecode.c.objc; path = AppDelegate.m; sourceTree = "<group>"; };
		A0BB4E5618FE148500BFD33A /* Base */ = {isa = PBXFileReference; lastKnownFileType = file.storyboard; name = Base; path = Base.lproj/Main.storyboard; sourceTree = "<group>"; };
		A0BB4E5818FE148500BFD33A /* ViewController.h */ = {isa = PBXFileReference; lastKnownFileType = sourcecode.c.h; path = ViewController.h; sourceTree = "<group>"; };
		A0BB4E5918FE148500BFD33A /* ViewController.m */ = {isa = PBXFileReference; lastKnownFileType = sourcecode.c.objc; path = ViewController.m; sourceTree = "<group>"; };
		A0BB4E5B18FE148500BFD33A /* Images.xcassets */ = {isa = PBXFileReference; lastKnownFileType = folder.assetcatalog; path = Images.xcassets; sourceTree = "<group>"; };
		A0BB4E6118FE148500BFD33A /* GalaxyDownloadTests.xctest */ = {isa = PBXFileReference; explicitFileType = wrapper.cfbundle; includeInIndex = 0; path = GalaxyDownloadTests.xctest; sourceTree = BUILT_PRODUCTS_DIR; };
		A0BB4E6218FE148500BFD33A /* XCTest.framework */ = {isa = PBXFileReference; lastKnownFileType = wrapper.framework; name = XCTest.framework; path = Library/Frameworks/XCTest.framework; sourceTree = DEVELOPER_DIR; };
		A0BB4E6A18FE148500BFD33A /* GalaxyDownloadTests-Info.plist */ = {isa = PBXFileReference; lastKnownFileType = text.plist.xml; path = "GalaxyDownloadTests-Info.plist"; sourceTree = "<group>"; };
		A0BB4E6C18FE148500BFD33A /* en */ = {isa = PBXFileReference; lastKnownFileType = text.plist.strings; name = en; path = en.lproj/InfoPlist.strings; sourceTree = "<group>"; };
		A0BB4E6E18FE148500BFD33A /* GalaxyDownloadTests.m */ = {isa = PBXFileReference; lastKnownFileType = sourcecode.c.objc; path = GalaxyDownloadTests.m; sourceTree = "<group>"; };
/* End PBXFileReference section */

/* Begin PBXFrameworksBuildPhase section */
		A0BB4E3D18FE148500BFD33A /* Frameworks */ = {
			isa = PBXFrameworksBuildPhase;
			buildActionMask = 2147483647;
			files = (
				A0BB4E4618FE148500BFD33A /* CoreGraphics.framework in Frameworks */,
				A0BB4E4818FE148500BFD33A /* UIKit.framework in Frameworks */,
				A0BB4E4418FE148500BFD33A /* Foundation.framework in Frameworks */,
			);
			runOnlyForDeploymentPostprocessing = 0;
		};
		A0BB4E5E18FE148500BFD33A /* Frameworks */ = {
			isa = PBXFrameworksBuildPhase;
			buildActionMask = 2147483647;
			files = (
				A0BB4E6318FE148500BFD33A /* XCTest.framework in Frameworks */,
				A0BB4E6518FE148500BFD33A /* UIKit.framework in Frameworks */,
				A0BB4E6418FE148500BFD33A /* Foundation.framework in Frameworks */,
			);
			runOnlyForDeploymentPostprocessing = 0;
		};
/* End PBXFrameworksBuildPhase section */

/* Begin PBXGroup section */
		A0BB4E3718FE148500BFD33A = {
			isa = PBXGroup;
			children = (
				A0BB4E4918FE148500BFD33A /* GalaxyDownload */,
				A0BB4E6818FE148500BFD33A /* GalaxyDownloadTests */,
				A0BB4E4218FE148500BFD33A /* Frameworks */,
				A0BB4E4118FE148500BFD33A /* Products */,
			);
			sourceTree = "<group>";
		};
		A0BB4E4118FE148500BFD33A /* Products */ = {
			isa = PBXGroup;
			children = (
				A0BB4E4018FE148500BFD33A /* GalaxyDownload.app */,
				A0BB4E6118FE148500BFD33A /* GalaxyDownloadTests.xctest */,
			);
			name = Products;
			sourceTree = "<group>";
		};
		A0BB4E4218FE148500BFD33A /* Frameworks */ = {
			isa = PBXGroup;
			children = (
				A0BB4E4318FE148500BFD33A /* Foundation.framework */,
				A0BB4E4518FE148500BFD33A /* CoreGraphics.framework */,
				A0BB4E4718FE148500BFD33A /* UIKit.framework */,
				A0BB4E6218FE148500BFD33A /* XCTest.framework */,
			);
			name = Frameworks;
			sourceTree = "<group>";
		};
		A0BB4E4918FE148500BFD33A /* GalaxyDownload */ = {
			isa = PBXGroup;
			children = (
				A0BB4E5218FE148500BFD33A /* AppDelegate.h */,
				A0BB4E5318FE148500BFD33A /* AppDelegate.m */,
				A0BB4E5518FE148500BFD33A /* Main.storyboard */,
				A0BB4E5818FE148500BFD33A /* ViewController.h */,
				A0BB4E5918FE148500BFD33A /* ViewController.m */,
				A0BB4E5B18FE148500BFD33A /* Images.xcassets */,
				A0BB4E4A18FE148500BFD33A /* Supporting Files */,
			);
			path = GalaxyDownload;
			sourceTree = "<group>";
		};
		A0BB4E4A18FE148500BFD33A /* Supporting Files */ = {
			isa = PBXGroup;
			children = (
				A0BB4E4B18FE148500BFD33A /* GalaxyDownload-Info.plist */,
				A0BB4E4C18FE148500BFD33A /* InfoPlist.strings */,
				A0BB4E4F18FE148500BFD33A /* main.m */,
				A0BB4E5118FE148500BFD33A /* GalaxyDownload-Prefix.pch */,
			);
			name = "Supporting Files";
			sourceTree = "<group>";
		};
		A0BB4E6818FE148500BFD33A /* GalaxyDownloadTests */ = {
			isa = PBXGroup;
			children = (
				A0BB4E6E18FE148500BFD33A /* GalaxyDownloadTests.m */,
				A0BB4E6918FE148500BFD33A /* Supporting Files */,
			);
			path = GalaxyDownloadTests;
			sourceTree = "<group>";
		};
		A0BB4E6918FE148500BFD33A /* Supporting Files */ = {
			isa = PBXGroup;
			children = (
				A0BB4E6A18FE148500BFD33A /* GalaxyDownloadTests-Info.plist */,
				A0BB4E6B18FE148500BFD33A /* InfoPlist.strings */,
			);
			name = "Supporting Files";
			sourceTree = "<group>";
		};
/* End PBXGroup section */

/* Begin PBXNativeTarget section */
		A0BB4E3F18FE148500BFD33A /* GalaxyDownload */ = {
			isa = PBXNativeTarget;
			buildConfigurationList = A0BB4E7218FE148500BFD33A /* Build configuration list for PBXNativeTarget "GalaxyDownload" */;
			buildPhases = (
				A0BB4E3C18FE148500BFD33A /* Sources */,
				A0BB4E3D18FE148500BFD33A /* Frameworks */,
				A0BB4E3E18FE148500BFD33A /* Resources */,
			);
			buildRules = (
			);
			dependencies = (
			);
			name = GalaxyDownload;
			productName = GalaxyDownload;
			productReference = A0BB4E4018FE148500BFD33A /* GalaxyDownload.app */;
			productType = "com.apple.product-type.application";
		};
		A0BB4E6018FE148500BFD33A /* GalaxyDownloadTests */ = {
			isa = PBXNativeTarget;
			buildConfigurationList = A0BB4E7518FE148500BFD33A /* Build configuration list for PBXNativeTarget "GalaxyDownloadTests" */;
			buildPhases = (
				A0BB4E5D18FE148500BFD33A /* Sources */,
				A0BB4E5E18FE148500BFD33A /* Frameworks */,
				A0BB4E5F18FE148500BFD33A /* Resources */,
			);
			buildRules = (
			);
			dependencies = (
				A0BB4E6718FE148500BFD33A /* PBXTargetDependency */,
			);
			name = GalaxyDownloadTests;
			productName = GalaxyDownloadTests;
			productReference = A0BB4E6118FE148500BFD33A /* GalaxyDownloadTests.xctest */;
			productType = "com.apple.product-type.bundle.unit-test";
		};
/* End PBXNativeTarget section */

/* Begin PBXProject section */
		A0BB4E3818FE148500BFD33A /* Project object */ = {
			isa = PBXProject;
			attributes = {
				LastUpgradeCheck = 0500;
				ORGANIZATIONNAME = jschatz;
				TargetAttributes = {
					A0BB4E6018FE148500BFD33A = {
						TestTargetID = A0BB4E3F18FE148500BFD33A;
					};
				};
			};
			buildConfigurationList = A0BB4E3B18FE148500BFD33A /* Build configuration list for PBXProject "GalaxyDownload" */;
			compatibilityVersion = "Xcode 3.2";
			developmentRegion = English;
			hasScannedForEncodings = 0;
			knownRegions = (
				en,
				Base,
			);
			mainGroup = A0BB4E3718FE148500BFD33A;
			productRefGroup = A0BB4E4118FE148500BFD33A /* Products */;
			projectDirPath = "";
			projectRoot = "";
			targets = (
				A0BB4E3F18FE148500BFD33A /* GalaxyDownload */,
				A0BB4E6018FE148500BFD33A /* GalaxyDownloadTests */,
			);
		};
/* End PBXProject section */

/* Begin PBXResourcesBuildPhase section */
		A0BB4E3E18FE148500BFD33A /* Resources */ = {
			isa = PBXResourcesBuildPhase;
			buildActionMask = 2147483647;
			files = (
				A0BB4E5C18FE148500BFD33A /* Images.xcassets in Resources */,
				A0BB4E4E18FE148500BFD33A /* InfoPlist.strings in Resources */,
				A0BB4E5718FE148500BFD33A /* Main.storyboard in Resources */,
			);
			runOnlyForDeploymentPostprocessing = 0;
		};
		A0BB4E5F18FE148500BFD33A /* Resources */ = {
			isa = PBXResourcesBuildPhase;
			buildActionMask = 2147483647;
			files = (
				A0BB4E6D18FE148500BFD33A /* InfoPlist.strings in Resources */,
			);
			runOnlyForDeploymentPostprocessing = 0;
		};
/* End PBXResourcesBuildPhase section */

/* Begin PBXSourcesBuildPhase section */
		A0BB4E3C18FE148500BFD33A /* Sources */ = {
			isa = PBXSourcesBuildPhase;
			buildActionMask = 2147483647;
			files = (
				A0BB4E5A18FE148500BFD33A /* ViewController.m in Sources */,
				A0BB4E5418FE148500BFD33A /* AppDelegate.m in Sources */,
				A0BB4E5018FE148500BFD33A /* main.m in Sources */,
			);
			runOnlyForDeploymentPostprocessing = 0;
		};
		A0BB4E5D18FE148500BFD33A /* Sources */ = {
			isa = PBXSourcesBuildPhase;
			buildActionMask = 2147483647;
			files = (
				A0BB4E6F18FE148500BFD33A /* GalaxyDownloadTests.m in Sources */,
			);
			runOnlyForDeploymentPostprocessing = 0;
		};
/* End PBXSourcesBuildPhase section */

/* Begin PBXTargetDependency section */
		A0BB4E6718FE148500BFD33A /* PBXTargetDependency */ = {
			isa = PBXTargetDependency;
			target = A0BB4E3F18FE148500BFD33A /* GalaxyDownload */;
			targetProxy = A0BB4E6618FE148500BFD33A /* PBXContainerItemProxy */;
		};
/* End PBXTargetDependency section */

/* Begin PBXVariantGroup section */
		A0BB4E4C18FE148500BFD33A /* InfoPlist.strings */ = {
			isa = PBXVariantGroup;
			children = (
				A0BB4E4D18FE148500BFD33A /* en */,
			);
			name = InfoPlist.strings;
			sourceTree = "<group>";
		};
		A0BB4E5518FE148500BFD33A /* Main.storyboard */ = {
			isa = PBXVariantGroup;
			children = (
				A0BB4E5618FE148500BFD33A /* Base */,
			);
			name = Main.storyboard;
			sourceTree = "<group>";
		};
		A0BB4E6B18FE148500BFD33A /* InfoPlist.strings */ = {
			isa = PBXVariantGroup;
			children = (
				A0BB4E6C18FE148500BFD33A /* en */,
			);
			name = InfoPlist.strings;
			sourceTree = "<group>";
		};
/* End PBXVariantGroup section */

/* Begin XCBuildConfiguration section */
		A0BB4E7018FE148500BFD33A /* Debug */ = {
			isa = XCBuildConfiguration;
			buildSettings = {
				ALWAYS_SEARCH_USER_PATHS = NO;
				ARCHS = "$(ARCHS_STANDARD_INCLUDING_64_BIT)";
				CLANG_CXX_LANGUAGE_STANDARD = "gnu++0x";
				CLANG_CXX_LIBRARY = "libc++";
				CLANG_ENABLE_MODULES = YES;
				CLANG_ENABLE_OBJC_ARC = YES;
				CLANG_WARN_BOOL_CONVERSION = YES;
				CLANG_WARN_CONSTANT_CONVERSION = YES;
				CLANG_WARN_DIRECT_OBJC_ISA_USAGE = YES_ERROR;
				CLANG_WARN_EMPTY_BODY = YES;
				CLANG_WARN_ENUM_CONVERSION = YES;
				CLANG_WARN_INT_CONVERSION = YES;
				CLANG_WARN_OBJC_ROOT_CLASS = YES_ERROR;
				CLANG_WARN__DUPLICATE_METHOD_MATCH = YES;
				"CODE_SIGN_IDENTITY[sdk=iphoneos*]" = "iPhone Developer";
				COPY_PHASE_STRIP = NO;
				GCC_C_LANGUAGE_STANDARD = gnu99;
				GCC_DYNAMIC_NO_PIC = NO;
				GCC_OPTIMIZATION_LEVEL = 0;
				GCC_PREPROCESSOR_DEFINITIONS = (
					"DEBUG=1",
					"$(inherited)",
				);
				GCC_SYMBOLS_PRIVATE_EXTERN = NO;
				GCC_WARN_64_TO_32_BIT_CONVERSION = YES;
				GCC_WARN_ABOUT_RETURN_TYPE = YES_ERROR;
				GCC_WARN_UNDECLARED_SELECTOR = YES;
				GCC_WARN_UNINITIALIZED_AUTOS = YES;
				GCC_WARN_UNUSED_FUNCTION = YES;
				GCC_WARN_UNUSED_VARIABLE = YES;
				IPHONEOS_DEPLOYMENT_TARGET = 7.0;
				ONLY_ACTIVE_ARCH = YES;
				SDKROOT = iphoneos;
			};
			name = Debug;
		};
		A0BB4E7118FE148500BFD33A /* Release */ = {
			isa = XCBuildConfiguration;
			buildSettings = {
				ALWAYS_SEARCH_USER_PATHS = NO;
				ARCHS = "$(ARCHS_STANDARD_INCLUDING_64_BIT)";
				CLANG_CXX_LANGUAGE_STANDARD = "gnu++0x";
				CLANG_CXX_LIBRARY = "libc++";
				CLANG_ENABLE_MODULES = YES;
				CLANG_ENABLE_OBJC_ARC = YES;
				CLANG_WARN_BOOL_CONVERSION = YES;
				CLANG_WARN_CONSTANT_CONVERSION = YES;
				CLANG_WARN_DIRECT_OBJC_ISA_USAGE = YES_ERROR;
				CLANG_WARN_EMPTY_BODY = YES;
				CLANG_WARN_ENUM_CONVERSION = YES;
				CLANG_WARN_INT_CONVERSION = YES;
				CLANG_WARN_OBJC_ROOT_CLASS = YES_ERROR;
				CLANG_WARN__DUPLICATE_METHOD_MATCH = YES;
				"CODE_SIGN_IDENTITY[sdk=iphoneos*]" = "iPhone Developer";
				COPY_PHASE_STRIP = YES;
				ENABLE_NS_ASSERTIONS = NO;
				GCC_C_LANGUAGE_STANDARD = gnu99;
				GCC_WARN_64_TO_32_BIT_CONVERSION = YES;
				GCC_WARN_ABOUT_RETURN_TYPE = YES_ERROR;
				GCC_WARN_UNDECLARED_SELECTOR = YES;
				GCC_WARN_UNINITIALIZED_AUTOS = YES;
				GCC_WARN_UNUSED_FUNCTION = YES;
				GCC_WARN_UNUSED_VARIABLE = YES;
				IPHONEOS_DEPLOYMENT_TARGET = 7.0;
				SDKROOT = iphoneos;
				VALIDATE_PRODUCT = YES;
			};
			name = Release;
		};
		A0BB4E7318FE148500BFD33A /* Debug */ = {
			isa = XCBuildConfiguration;
			buildSettings = {
				ASSETCATALOG_COMPILER_APPICON_NAME = AppIcon;
				ASSETCATALOG_COMPILER_LAUNCHIMAGE_NAME = LaunchImage;
				GCC_PRECOMPILE_PREFIX_HEADER = YES;
				GCC_PREFIX_HEADER = "GalaxyDownload/GalaxyDownload-Prefix.pch";
				INFOPLIST_FILE = "GalaxyDownload/GalaxyDownload-Info.plist";
				PRODUCT_NAME = "$(TARGET_NAME)";
				WRAPPER_EXTENSION = app;
			};
			name = Debug;
		};
		A0BB4E7418FE148500BFD33A /* Release */ = {
			isa = XCBuildConfiguration;
			buildSettings = {
				ASSETCATALOG_COMPILER_APPICON_NAME = AppIcon;
				ASSETCATALOG_COMPILER_LAUNCHIMAGE_NAME = LaunchImage;
				GCC_PRECOMPILE_PREFIX_HEADER = YES;
				GCC_PREFIX_HEADER = "GalaxyDownload/GalaxyDownload-Prefix.pch";
				INFOPLIST_FILE = "GalaxyDownload/GalaxyDownload-Info.plist";
				PRODUCT_NAME = "$(TARGET_NAME)";
				WRAPPER_EXTENSION = app;
			};
			name = Release;
		};
		A0BB4E7618FE148500BFD33A /* Debug */ = {
			isa = XCBuildConfiguration;
			buildSettings = {
				ARCHS = "$(ARCHS_STANDARD_INCLUDING_64_BIT)";
				BUNDLE_LOADER = "$(BUILT_PRODUCTS_DIR)/GalaxyDownload.app/GalaxyDownload";
				FRAMEWORK_SEARCH_PATHS = (
					"$(SDKROOT)/Developer/Library/Frameworks",
					"$(inherited)",
					"$(DEVELOPER_FRAMEWORKS_DIR)",
				);
				GCC_PRECOMPILE_PREFIX_HEADER = YES;
				GCC_PREFIX_HEADER = "GalaxyDownload/GalaxyDownload-Prefix.pch";
				GCC_PREPROCESSOR_DEFINITIONS = (
					"DEBUG=1",
					"$(inherited)",
				);
				INFOPLIST_FILE = "GalaxyDownloadTests/GalaxyDownloadTests-Info.plist";
				PRODUCT_NAME = "$(TARGET_NAME)";
				TEST_HOST = "$(BUNDLE_LOADER)";
				WRAPPER_EXTENSION = xctest;
			};
			name = Debug;
		};
		A0BB4E7718FE148500BFD33A /* Release */ = {
			isa = XCBuildConfiguration;
			buildSettings = {
				ARCHS = "$(ARCHS_STANDARD_INCLUDING_64_BIT)";
				BUNDLE_LOADER = "$(BUILT_PRODUCTS_DIR)/GalaxyDownload.app/GalaxyDownload";
				FRAMEWORK_SEARCH_PATHS = (
					"$(SDKROOT)/Developer/Library/Frameworks",
					"$(inherited)",
					"$(DEVELOPER_FRAMEWORKS_DIR)",
				);
				GCC_PRECOMPILE_PREFIX_HEADER = YES;
				GCC_PREFIX_HEADER = "GalaxyDownload/GalaxyDownload-Prefix.pch";
				INFOPLIST_FILE = "GalaxyDownloadTests/GalaxyDownloadTests-Info.plist";
				PRODUCT_NAME = "$(TARGET_NAME)";
				TEST_HOST = "$(BUNDLE_LOADER)";
				WRAPPER_EXTENSION = xctest;
			};
			name = Release;
		};
/* End XCBuildConfiguration section */

/* Begin XCConfigurationList section */
		A0BB4E3B18FE148500BFD33A /* Build configuration list for PBXProject "GalaxyDownload" */ = {
			isa = XCConfigurationList;
			buildConfigurations = (
				A0BB4E7018FE148500BFD33A /* Debug */,
				A0BB4E7118FE148500BFD33A /* Release */,
			);
			defaultConfigurationIsVisible = 0;
			defaultConfigurationName = Release;
		};
		A0BB4E7218FE148500BFD33A /* Build configuration list for PBXNativeTarget "GalaxyDownload" */ = {
			isa = XCConfigurationList;
			buildConfigurations = (
				A0BB4E7318FE148500BFD33A /* Debug */,
				A0BB4E7418FE148500BFD33A /* Release */,
			);
			defaultConfigurationIsVisible = 0;
		};
		A0BB4E7518FE148500BFD33A /* Build configuration list for PBXNativeTarget "GalaxyDownloadTests" */ = {
			isa = XCConfigurationList;
			buildConfigurations = (
				A0BB4E7618FE148500BFD33A /* Debug */,
				A0BB4E7718FE148500BFD33A /* Release */,
			);
			defaultConfigurationIsVisible = 0;
		};
/* End XCConfigurationList section */
	};
	rootObject = A0BB4E3818FE148500BFD33A /* Project object */;
}
